
Microsoft Visual Studio Solution File, Format Version 12.00
# Visual Studio Version 16
VisualStudioVersion = 16.0.30611.23
MinimumVisualStudioVersion = 15.0.26124.0
Project("{2150E333-8FDC-42A3-9474-1A3956D46DE8}") = "src", "src", "{64642C2B-D55A-44E1-AED3-74770668ADA9}"
EndProject
Project("{2150E333-8FDC-42A3-9474-1A3956D46DE8}") = "OrchardBlazor.Modules", "OrchardBlazor.Modules", "{A4548AE3-FBA5-43B5-9D63-BA54F2682D1E}"
EndProject
Project("{9A19103F-16F7-4668-BE54-9A1E7A4F7556}") = "Orchard.Blazor", "src\OrchardBlazor.Modules\Orchard.Blazor\Orchard.Blazor.csproj", "{51A4B442-04DE-48FB-8137-36454597D3E4}"
EndProject
Project("{9A19103F-16F7-4668-BE54-9A1E7A4F7556}") = "OrchardBlazor.Cms.Web", "src\OrchardBlazor.Cms.Web\OrchardBlazor.Cms.Web.csproj", "{2841D17F-8AA2-4BC5-9B1A-982918506D25}"
EndProject
Project("{9A19103F-16F7-4668-BE54-9A1E7A4F7556}") = "OrchardBlazor.Demo2", "src\OrchardBlazor.Modules\OrchardBlazor.Demo2\OrchardBlazor.Demo2.csproj", "{E3D4A9F8-B29B-4777-9A71-15C3C173E1BD}"
EndProject
Project("{9A19103F-16F7-4668-BE54-9A1E7A4F7556}") = "OrchardBlazor.Demo", "src\OrchardBlazor.Modules\OrchardBlazor.Demo\OrchardBlazor.Demo.csproj", "{371A13B1-3F93-421F-8973-D4BB8BB78AFA}"
EndProject
Project("{9A19103F-16F7-4668-BE54-9A1E7A4F7556}") = "OrchardBlazor.Razor1", "src\OrchardBlazor.Modules\OrchardBlazor.Razor1\OrchardBlazor.Razor1.csproj", "{974C558A-B323-4A86-8217-25E736F73DCE}"
EndProject
Project("{2150E333-8FDC-42A3-9474-1A3956D46DE8}") = "OrchardBlazor.Themes", "OrchardBlazor.Themes", "{385555E4-FC59-47FF-A2B2-F6861C7A0A75}"
EndProject
Project("{9A19103F-16F7-4668-BE54-9A1E7A4F7556}") = "BlazorSafeMode", "src\OrchardBlazor.Themes\BlazorSafeMode\BlazorSafeMode.csproj", "{5B83282E-F7D4-4277-91E4-8BA905306623}"
EndProject
Global
	GlobalSection(SolutionConfigurationPlatforms) = preSolution
		Debug|Any CPU = Debug|Any CPU
		Debug|x64 = Debug|x64
		Debug|x86 = Debug|x86
		Release|Any CPU = Release|Any CPU
		Release|x64 = Release|x64
		Release|x86 = Release|x86
	EndGlobalSection
	GlobalSection(ProjectConfigurationPlatforms) = postSolution
		{51A4B442-04DE-48FB-8137-36454597D3E4}.Debug|Any CPU.ActiveCfg = Debug|Any CPU
		{51A4B442-04DE-48FB-8137-36454597D3E4}.Debug|Any CPU.Build.0 = Debug|Any CPU
		{51A4B442-04DE-48FB-8137-36454597D3E4}.Debug|x64.ActiveCfg = Debug|Any CPU
		{51A4B442-04DE-48FB-8137-36454597D3E4}.Debug|x64.Build.0 = Debug|Any CPU
		{51A4B442-04DE-48FB-8137-36454597D3E4}.Debug|x86.ActiveCfg = Debug|Any CPU
		{51A4B442-04DE-48FB-8137-36454597D3E4}.Debug|x86.Build.0 = Debug|Any CPU
		{51A4B442-04DE-48FB-8137-36454597D3E4}.Release|Any CPU.ActiveCfg = Release|Any CPU
		{51A4B442-04DE-48FB-8137-36454597D3E4}.Release|Any CPU.Build.0 = Release|Any CPU
		{51A4B442-04DE-48FB-8137-36454597D3E4}.Release|x64.ActiveCfg = Release|Any CPU
		{51A4B442-04DE-48FB-8137-36454597D3E4}.Release|x64.Build.0 = Release|Any CPU
		{51A4B442-04DE-48FB-8137-36454597D3E4}.Release|x86.ActiveCfg = Release|Any CPU
		{51A4B442-04DE-48FB-8137-36454597D3E4}.Release|x86.Build.0 = Release|Any CPU
		{2841D17F-8AA2-4BC5-9B1A-982918506D25}.Debug|Any CPU.ActiveCfg = Debug|Any CPU
		{2841D17F-8AA2-4BC5-9B1A-982918506D25}.Debug|Any CPU.Build.0 = Debug|Any CPU
		{2841D17F-8AA2-4BC5-9B1A-982918506D25}.Debug|x64.ActiveCfg = Debug|Any CPU
		{2841D17F-8AA2-4BC5-9B1A-982918506D25}.Debug|x64.Build.0 = Debug|Any CPU
		{2841D17F-8AA2-4BC5-9B1A-982918506D25}.Debug|x86.ActiveCfg = Debug|Any CPU
		{2841D17F-8AA2-4BC5-9B1A-982918506D25}.Debug|x86.Build.0 = Debug|Any CPU
		{2841D17F-8AA2-4BC5-9B1A-982918506D25}.Release|Any CPU.ActiveCfg = Release|Any CPU
		{2841D17F-8AA2-4BC5-9B1A-982918506D25}.Release|Any CPU.Build.0 = Release|Any CPU
		{2841D17F-8AA2-4BC5-9B1A-982918506D25}.Release|x64.ActiveCfg = Release|Any CPU
		{2841D17F-8AA2-4BC5-9B1A-982918506D25}.Release|x64.Build.0 = Release|Any CPU
		{2841D17F-8AA2-4BC5-9B1A-982918506D25}.Release|x86.ActiveCfg = Release|Any CPU
		{2841D17F-8AA2-4BC5-9B1A-982918506D25}.Release|x86.Build.0 = Release|Any CPU
		{E3D4A9F8-B29B-4777-9A71-15C3C173E1BD}.Debug|Any CPU.ActiveCfg = Debug|Any CPU
		{E3D4A9F8-B29B-4777-9A71-15C3C173E1BD}.Debug|Any CPU.Build.0 = Debug|Any CPU
		{E3D4A9F8-B29B-4777-9A71-15C3C173E1BD}.Debug|x64.ActiveCfg = Debug|Any CPU
		{E3D4A9F8-B29B-4777-9A71-15C3C173E1BD}.Debug|x64.Build.0 = Debug|Any CPU
		{E3D4A9F8-B29B-4777-9A71-15C3C173E1BD}.Debug|x86.ActiveCfg = Debug|Any CPU
		{E3D4A9F8-B29B-4777-9A71-15C3C173E1BD}.Debug|x86.Build.0 = Debug|Any CPU
		{E3D4A9F8-B29B-4777-9A71-15C3C173E1BD}.Release|Any CPU.ActiveCfg = Release|Any CPU
		{E3D4A9F8-B29B-4777-9A71-15C3C173E1BD}.Release|Any CPU.Build.0 = Release|Any CPU
		{E3D4A9F8-B29B-4777-9A71-15C3C173E1BD}.Release|x64.ActiveCfg = Release|Any CPU
		{E3D4A9F8-B29B-4777-9A71-15C3C173E1BD}.Release|x64.Build.0 = Release|Any CPU
		{E3D4A9F8-B29B-4777-9A71-15C3C173E1BD}.Release|x86.ActiveCfg = Release|Any CPU
		{E3D4A9F8-B29B-4777-9A71-15C3C173E1BD}.Release|x86.Build.0 = Release|Any CPU
		{371A13B1-3F93-421F-8973-D4BB8BB78AFA}.Debug|Any CPU.ActiveCfg = Debug|Any CPU
		{371A13B1-3F93-421F-8973-D4BB8BB78AFA}.Debug|Any CPU.Build.0 = Debug|Any CPU
		{371A13B1-3F93-421F-8973-D4BB8BB78AFA}.Debug|x64.ActiveCfg = Debug|Any CPU
		{371A13B1-3F93-421F-8973-D4BB8BB78AFA}.Debug|x64.Build.0 = Debug|Any CPU
		{371A13B1-3F93-421F-8973-D4BB8BB78AFA}.Debug|x86.ActiveCfg = Debug|Any CPU
		{371A13B1-3F93-421F-8973-D4BB8BB78AFA}.Debug|x86.Build.0 = Debug|Any CPU
		{371A13B1-3F93-421F-8973-D4BB8BB78AFA}.Release|Any CPU.ActiveCfg = Release|Any CPU
		{371A13B1-3F93-421F-8973-D4BB8BB78AFA}.Release|Any CPU.Build.0 = Release|Any CPU
		{371A13B1-3F93-421F-8973-D4BB8BB78AFA}.Release|x64.ActiveCfg = Release|Any CPU
		{371A13B1-3F93-421F-8973-D4BB8BB78AFA}.Release|x64.Build.0 = Release|Any CPU
		{371A13B1-3F93-421F-8973-D4BB8BB78AFA}.Release|x86.ActiveCfg = Release|Any CPU
		{371A13B1-3F93-421F-8973-D4BB8BB78AFA}.Release|x86.Build.0 = Release|Any CPU
		{974C558A-B323-4A86-8217-25E736F73DCE}.Debug|Any CPU.ActiveCfg = Debug|Any CPU
		{974C558A-B323-4A86-8217-25E736F73DCE}.Debug|Any CPU.Build.0 = Debug|Any CPU
		{974C558A-B323-4A86-8217-25E736F73DCE}.Debug|x64.ActiveCfg = Debug|Any CPU
		{974C558A-B323-4A86-8217-25E736F73DCE}.Debug|x64.Build.0 = Debug|Any CPU
		{974C558A-B323-4A86-8217-25E736F73DCE}.Debug|x86.ActiveCfg = Debug|Any CPU
		{974C558A-B323-4A86-8217-25E736F73DCE}.Debug|x86.Build.0 = Debug|Any CPU
		{974C558A-B323-4A86-8217-25E736F73DCE}.Release|Any CPU.ActiveCfg = Release|Any CPU
		{974C558A-B323-4A86-8217-25E736F73DCE}.Release|Any CPU.Build.0 = Release|Any CPU
		{974C558A-B323-4A86-8217-25E736F73DCE}.Release|x64.ActiveCfg = Release|Any CPU
		{974C558A-B323-4A86-8217-25E736F73DCE}.Release|x64.Build.0 = Release|Any CPU
		{974C558A-B323-4A86-8217-25E736F73DCE}.Release|x86.ActiveCfg = Release|Any CPU
		{974C558A-B323-4A86-8217-25E736F73DCE}.Release|x86.Build.0 = Release|Any CPU
		{5B83282E-F7D4-4277-91E4-8BA905306623}.Debug|Any CPU.ActiveCfg = Debug|Any CPU
		{5B83282E-F7D4-4277-91E4-8BA905306623}.Debug|Any CPU.Build.0 = Debug|Any CPU
		{5B83282E-F7D4-4277-91E4-8BA905306623}.Debug|x64.ActiveCfg = Debug|Any CPU
		{5B83282E-F7D4-4277-91E4-8BA905306623}.Debug|x64.Build.0 = Debug|Any CPU
		{5B83282E-F7D4-4277-91E4-8BA905306623}.Debug|x86.ActiveCfg = Debug|Any CPU
		{5B83282E-F7D4-4277-91E4-8BA905306623}.Debug|x86.Build.0 = Debug|Any CPU
		{5B83282E-F7D4-4277-91E4-8BA905306623}.Release|Any CPU.ActiveCfg = Release|Any CPU
		{5B83282E-F7D4-4277-91E4-8BA905306623}.Release|Any CPU.Build.0 = Release|Any CPU
		{5B83282E-F7D4-4277-91E4-8BA905306623}.Release|x64.ActiveCfg = Release|Any CPU
		{5B83282E-F7D4-4277-91E4-8BA905306623}.Release|x64.Build.0 = Release|Any CPU
		{5B83282E-F7D4-4277-91E4-8BA905306623}.Release|x86.ActiveCfg = Release|Any CPU
		{5B83282E-F7D4-4277-91E4-8BA905306623}.Release|x86.Build.0 = Release|Any CPU
	EndGlobalSection
	GlobalSection(SolutionProperties) = preSolution
		HideSolutionNode = FALSE
	EndGlobalSection
	GlobalSection(NestedProjects) = preSolution
		{A4548AE3-FBA5-43B5-9D63-BA54F2682D1E} = {64642C2B-D55A-44E1-AED3-74770668ADA9}
		{51A4B442-04DE-48FB-8137-36454597D3E4} = {A4548AE3-FBA5-43B5-9D63-BA54F2682D1E}
		{2841D17F-8AA2-4BC5-9B1A-982918506D25} = {64642C2B-D55A-44E1-AED3-74770668ADA9}
		{E3D4A9F8-B29B-4777-9A71-15C3C173E1BD} = {A4548AE3-FBA5-43B5-9D63-BA54F2682D1E}
		{371A13B1-3F93-421F-8973-D4BB8BB78AFA} = {A4548AE3-FBA5-43B5-9D63-BA54F2682D1E}
		{974C558A-B323-4A86-8217-25E736F73DCE} = {A4548AE3-FBA5-43B5-9D63-BA54F2682D1E}
		{385555E4-FC59-47FF-A2B2-F6861C7A0A75} = {64642C2B-D55A-44E1-AED3-74770668ADA9}
		{5B83282E-F7D4-4277-91E4-8BA905306623} = {385555E4-FC59-47FF-A2B2-F6861C7A0A75}
	EndGlobalSection
	GlobalSection(ExtensibilityGlobals) = postSolution
		SolutionGuid = {A8984AD2-0794-459D-8486-3B00F5E772A5}
	EndGlobalSection
EndGlobal
